// !$*UTF8*$!
{
	archiveVersion = 1;
	classes = {
	};
	objectVersion = 46;
	objects = {

/* Begin PBXBuildFile section */
		1A7EF6451E6DDF5900B33A63 /* Character.cpp in Sources */ = {isa = PBXBuildFile; fileRef = 1A7EF6431E6DDF5900B33A63 /* Character.cpp */; };
		1A7EF6471E6DE0B900B33A63 /* human_regular_hair.png in Resources */ = {isa = PBXBuildFile; fileRef = 1A7EF6461E6DE0B900B33A63 /* human_regular_hair.png */; };
		1A7EF64B1E6DE4CD00B33A63 /* TestScene.cpp in Sources */ = {isa = PBXBuildFile; fileRef = 1A7EF6491E6DE4CD00B33A63 /* TestScene.cpp */; };
		1AA0E1871E620463006AC0FB /* ResourcePath.mm in Sources */ = {isa = PBXBuildFile; fileRef = 1AA0E1861E620463006AC0FB /* ResourcePath.mm */; };
		1AA0E18A1E620463006AC0FB /* main.cpp in Sources */ = {isa = PBXBuildFile; fileRef = 1AA0E1891E620463006AC0FB /* main.cpp */; };
		1AA0E1931E620463006AC0FB /* icon.png in Resources */ = {isa = PBXBuildFile; fileRef = 1AA0E1921E620463006AC0FB /* icon.png */; };
		1AC8C9971E64390300E715EC /* WindowManager.cpp in Sources */ = {isa = PBXBuildFile; fileRef = 1AC8C9951E64390300E715EC /* WindowManager.cpp */; };
		1ADD5C841E675A8100167939 /* EventManager.cpp in Sources */ = {isa = PBXBuildFile; fileRef = 1ADD5C821E675A8100167939 /* EventManager.cpp */; };
/* End PBXBuildFile section */

/* Begin PBXFileReference section */
		1A7EF6431E6DDF5900B33A63 /* Character.cpp */ = {isa = PBXFileReference; fileEncoding = 4; lastKnownFileType = sourcecode.cpp.cpp; name = Character.cpp; path = Engine/GameObjects/Character.cpp; sourceTree = "<group>"; };
		1A7EF6441E6DDF5900B33A63 /* Character.hpp */ = {isa = PBXFileReference; fileEncoding = 4; lastKnownFileType = sourcecode.cpp.h; name = Character.hpp; path = Engine/GameObjects/Character.hpp; sourceTree = "<group>"; };
		1A7EF6461E6DE0B900B33A63 /* human_regular_hair.png */ = {isa = PBXFileReference; lastKnownFileType = image.png; name = human_regular_hair.png; path = "../../../../Desktop/Micro Character Bases - Basics v1.0.1/PNG/Human/human_regular_hair.png"; sourceTree = "<group>"; };
		1A7EF6491E6DE4CD00B33A63 /* TestScene.cpp */ = {isa = PBXFileReference; fileEncoding = 4; lastKnownFileType = sourcecode.cpp.cpp; name = TestScene.cpp; path = Engine/Scenes/TestScene.cpp; sourceTree = "<group>"; };
		1A7EF64A1E6DE4CD00B33A63 /* TestScene.hpp */ = {isa = PBXFileReference; fileEncoding = 4; lastKnownFileType = sourcecode.cpp.h; name = TestScene.hpp; path = Engine/Scenes/TestScene.hpp; sourceTree = "<group>"; };
		1AA0E1811E620463006AC0FB /* NothingGame.app */ = {isa = PBXFileReference; explicitFileType = wrapper.application; includeInIndex = 0; path = NothingGame.app; sourceTree = BUILT_PRODUCTS_DIR; };
		1AA0E1851E620463006AC0FB /* NothingGame-Info.plist */ = {isa = PBXFileReference; lastKnownFileType = text.plist.xml; path = "NothingGame-Info.plist"; sourceTree = "<group>"; };
		1AA0E1861E620463006AC0FB /* ResourcePath.mm */ = {isa = PBXFileReference; lastKnownFileType = sourcecode.cpp.objcpp; path = ResourcePath.mm; sourceTree = "<group>"; };
		1AA0E1881E620463006AC0FB /* ResourcePath.hpp */ = {isa = PBXFileReference; lastKnownFileType = sourcecode.cpp.h; path = ResourcePath.hpp; sourceTree = "<group>"; };
		1AA0E1891E620463006AC0FB /* main.cpp */ = {isa = PBXFileReference; lastKnownFileType = sourcecode.cpp.cpp; path = main.cpp; sourceTree = "<group>"; };
		1AA0E1921E620463006AC0FB /* icon.png */ = {isa = PBXFileReference; lastKnownFileType = image.png; path = icon.png; sourceTree = "<group>"; };
		1AC8C9951E64390300E715EC /* WindowManager.cpp */ = {isa = PBXFileReference; fileEncoding = 4; lastKnownFileType = sourcecode.cpp.cpp; name = WindowManager.cpp; path = Engine/Managers/WindowManager.cpp; sourceTree = "<group>"; };
		1AC8C9961E64390300E715EC /* WindowManager.hpp */ = {isa = PBXFileReference; fileEncoding = 4; lastKnownFileType = sourcecode.cpp.h; name = WindowManager.hpp; path = Engine/Managers/WindowManager.hpp; sourceTree = "<group>"; };
		1ADD5C821E675A8100167939 /* EventManager.cpp */ = {isa = PBXFileReference; fileEncoding = 4; lastKnownFileType = sourcecode.cpp.cpp; name = EventManager.cpp; path = Engine/Managers/EventManager.cpp; sourceTree = "<group>"; };
		1ADD5C831E675A8100167939 /* EventManager.hpp */ = {isa = PBXFileReference; fileEncoding = 4; lastKnownFileType = sourcecode.cpp.h; name = EventManager.hpp; path = Engine/Managers/EventManager.hpp; sourceTree = "<group>"; };
/* End PBXFileReference section */

/* Begin PBXFrameworksBuildPhase section */
		1AA0E17D1E620463006AC0FB /* Frameworks */ = {
			isa = PBXFrameworksBuildPhase;
			buildActionMask = 2147483647;
			files = (
			);
			runOnlyForDeploymentPostprocessing = 0;
		};
/* End PBXFrameworksBuildPhase section */

/* Begin PBXGroup section */
		1A7EF6481E6DE0BE00B33A63 /* Character */ = {
			isa = PBXGroup;
			children = (
				1A7EF6461E6DE0B900B33A63 /* human_regular_hair.png */,
			);
			name = Character;
			sourceTree = "<group>";
		};
		1AA0E1771E620463006AC0FB = {
			isa = PBXGroup;
			children = (
				1AA0E1831E620463006AC0FB /* NothingGame */,
				1AA0E1821E620463006AC0FB /* Products */,
			);
			sourceTree = "<group>";
		};
		1AA0E1821E620463006AC0FB /* Products */ = {
			isa = PBXGroup;
			children = (
				1AA0E1811E620463006AC0FB /* NothingGame.app */,
			);
			name = Products;
			sourceTree = "<group>";
		};
		1AA0E1831E620463006AC0FB /* NothingGame */ = {
			isa = PBXGroup;
			children = (
				1AC8C98D1E64379C00E715EC /* Engine */,
				1AA0E1861E620463006AC0FB /* ResourcePath.mm */,
				1AA0E1881E620463006AC0FB /* ResourcePath.hpp */,
				1AA0E1891E620463006AC0FB /* main.cpp */,
				1AA0E18B1E620463006AC0FB /* Resources */,
				1AA0E1841E620463006AC0FB /* Supporting Files */,
			);
			path = NothingGame;
			sourceTree = "<group>";
		};
		1AA0E1841E620463006AC0FB /* Supporting Files */ = {
			isa = PBXGroup;
			children = (
				1AA0E1851E620463006AC0FB /* NothingGame-Info.plist */,
			);
			name = "Supporting Files";
			sourceTree = "<group>";
		};
		1AA0E18B1E620463006AC0FB /* Resources */ = {
			isa = PBXGroup;
			children = (
				1A7EF6481E6DE0BE00B33A63 /* Character */,
				1AA0E1921E620463006AC0FB /* icon.png */,
			);
			name = Resources;
			sourceTree = "<group>";
		};
		1AC8C98D1E64379C00E715EC /* Engine */ = {
			isa = PBXGroup;
			children = (
				1ADD5C881E676DE300167939 /* Scenes */,
				1AC8C9941E64389C00E715EC /* Logic */,
				1AC8C9931E64388800E715EC /* GameObjects */,
				1AC8C9921E6437EF00E715EC /* Managers */,
				1AC8C9911E6437E800E715EC /* Networking */,
			);
			name = Engine;
			sourceTree = "<group>";
		};
		1AC8C9911E6437E800E715EC /* Networking */ = {
			isa = PBXGroup;
			children = (
			);
			name = Networking;
			sourceTree = "<group>";
		};
		1AC8C9921E6437EF00E715EC /* Managers */ = {
			isa = PBXGroup;
			children = (
				1AC8C9951E64390300E715EC /* WindowManager.cpp */,
				1AC8C9961E64390300E715EC /* WindowManager.hpp */,
				1ADD5C821E675A8100167939 /* EventManager.cpp */,
				1ADD5C831E675A8100167939 /* EventManager.hpp */,
			);
			name = Managers;
			sourceTree = "<group>";
		};
		1AC8C9931E64388800E715EC /* GameObjects */ = {
			isa = PBXGroup;
			children = (
				1A7EF6431E6DDF5900B33A63 /* Character.cpp */,
				1A7EF6441E6DDF5900B33A63 /* Character.hpp */,
			);
			name = GameObjects;
			sourceTree = "<group>";
		};
		1AC8C9941E64389C00E715EC /* Logic */ = {
			isa = PBXGroup;
			children = (
			);
			name = Logic;
			sourceTree = "<group>";
		};
		1ADD5C881E676DE300167939 /* Scenes */ = {
			isa = PBXGroup;
			children = (
				1A7EF6491E6DE4CD00B33A63 /* TestScene.cpp */,
				1A7EF64A1E6DE4CD00B33A63 /* TestScene.hpp */,
			);
			name = Scenes;
			sourceTree = "<group>";
		};
/* End PBXGroup section */

/* Begin PBXNativeTarget section */
		1AA0E1801E620463006AC0FB /* NothingGame */ = {
			isa = PBXNativeTarget;
			buildConfigurationList = 1AA0E1961E620463006AC0FB /* Build configuration list for PBXNativeTarget "NothingGame" */;
			buildPhases = (
				1AA0E17C1E620463006AC0FB /* Sources */,
				1AA0E17D1E620463006AC0FB /* Frameworks */,
				1AA0E17E1E620463006AC0FB /* Resources */,
				1AA0E17F1E620463006AC0FB /* ShellScript */,
			);
			buildRules = (
			);
			dependencies = (
			);
			name = NothingGame;
			productName = NothingGame;
			productReference = 1AA0E1811E620463006AC0FB /* NothingGame.app */;
			productType = "com.apple.product-type.application";
		};
/* End PBXNativeTarget section */

/* Begin PBXProject section */
		1AA0E1781E620463006AC0FB /* Project object */ = {
			isa = PBXProject;
			attributes = {
				LastUpgradeCheck = 0820;
				ORGANIZATIONNAME = Pelski;
				TargetAttributes = {
					1AA0E1801E620463006AC0FB = {
						CreatedOnToolsVersion = 8.2.1;
						ProvisioningStyle = Automatic;
					};
				};
			};
			buildConfigurationList = 1AA0E17B1E620463006AC0FB /* Build configuration list for PBXProject "NothingGame" */;
			compatibilityVersion = "Xcode 3.2";
			developmentRegion = English;
			hasScannedForEncodings = 0;
			knownRegions = (
				en,
			);
			mainGroup = 1AA0E1771E620463006AC0FB;
			productRefGroup = 1AA0E1821E620463006AC0FB /* Products */;
			projectDirPath = "";
			projectRoot = "";
			targets = (
				1AA0E1801E620463006AC0FB /* NothingGame */,
			);
		};
/* End PBXProject section */

/* Begin PBXResourcesBuildPhase section */
		1AA0E17E1E620463006AC0FB /* Resources */ = {
			isa = PBXResourcesBuildPhase;
			buildActionMask = 2147483647;
			files = (
				1A7EF6471E6DE0B900B33A63 /* human_regular_hair.png in Resources */,
				1AA0E1931E620463006AC0FB /* icon.png in Resources */,
			);
			runOnlyForDeploymentPostprocessing = 0;
		};
/* End PBXResourcesBuildPhase section */

/* Begin PBXShellScriptBuildPhase section */
		1AA0E17F1E620463006AC0FB /* ShellScript */ = {
			isa = PBXShellScriptBuildPhase;
			buildActionMask = 2147483647;
			files = (
			);
			inputPaths = (
			);
			outputPaths = (
			);
			runOnlyForDeploymentPostprocessing = 0;
			shellPath = /bin/sh;
			shellScript = "# This shell script simply copies required SFML dylibs/frameworks into the application bundle frameworks folder.\n# If you're using static libraries (which is not recommended) you should remove this script from your project.\n\n# SETTINGS\nCMAKE_INSTALL_FRAMEWORK_PREFIX=\"/Library/Frameworks\"\nCMAKE_INSTALL_LIB_PREFIX=\"/usr/local/lib\"\nFRAMEWORKS_FULL_PATH=\"$BUILT_PRODUCTS_DIR/$FRAMEWORKS_FOLDER_PATH/\"\n\n# Are we building a project that uses frameworks or dylibs?\ncase \"$SFML_BINARY_TYPE\" in\n    DYLIBS)\n        frameworks=\"false\"\n        ;;\n    *)\n        frameworks=\"true\"\n        ;;\nesac\n\n# Echoes to stderr\nerror () # $* message to display\n{\n    echo $* 1>&2\n    exit 2\n}\n\nassert () # $1 is a boolean, $2...N is an error message\n{\n    if [ $# -lt 2 ]\n    then\n        error \"Internal error in assert: not enough args\"\n    fi\n\n    if [ $1 -ne 0 ]\n    then\n        shift\n        error \"$*\"\n    fi\n}\n\nforce_remove () # $@ is some paths\n{\n    test $# -ge 1\n    assert $? \"force_remove() requires at least one parameter\"\n    rm -fr $@\n    assert $? \"couldn't remove $@\"\n}\n\ncopy () # $1 is a source, $2 is a destination\n{\n    test $# -eq 2\n    assert $? \"copy() requires two parameters\"\n    ditto \"$1\" \"$2\"\n    assert $? \"couldn't copy $1 to $2\"\n}\n\nrequire () # $1 is a SFML module like 'system' or 'audio'\n{\n    dest=\"$BUILT_PRODUCTS_DIR/$FRAMEWORKS_FOLDER_PATH/\"\n\n    if [ -z \"$1\" ]\n    then\n        error \"require() requires one parameter!\"\n    else\n        # clean potentially old stuff\n        force_remove \"$dest/libsfml-$1\"*\n        force_remove \"$dest/sfml-$1.framework\"\n\n        # copy SFML libraries\n        if [ \"$frameworks\" = \"true\" ]\n        then\n            source=\"$CMAKE_INSTALL_FRAMEWORK_PREFIX/sfml-$1.framework\"\n            target=\"sfml-$1.framework\"\n        elif [ \"$SFML_LINK_DYLIBS_SUFFIX\" = \"-d\" ]\n        then\n            source=\"$CMAKE_INSTALL_LIB_PREFIX/libsfml-$1-d.dylib\"\n            target=\"`readlink $source`\"\n        else\n            source=\"$CMAKE_INSTALL_LIB_PREFIX/libsfml-$1.dylib\"\n            target=\"`readlink $source`\"\n        fi\n\n        copy \"$source\" \"$dest/$target\"\n\n        # copy extra dependencies\n        if [ \"$1\" = \"audio\" ]\n        then\n            # copy \"FLAC\" \"ogg\" \"vorbis\" \"vorbisenc\" \"vorbisfile\" \"OpenAL\" frameworks too\n            for f in \"FLAC\" \"ogg\" \"vorbis\" \"vorbisenc\" \"vorbisfile\" \"OpenAL\"\n            do\n                copy \"$CMAKE_INSTALL_FRAMEWORK_PREFIX/$f.framework\" \"$dest/$f.framework\"\n            done\n        elif [ \"$1\" = \"graphics\" ]\n        then\n            copy \"$CMAKE_INSTALL_FRAMEWORK_PREFIX/freetype.framework\" \"$dest/freetype.framework\"\n        fi\n    fi\n}\n\nif [ -n \"$SFML_SYSTEM\" ]\nthen\n    require \"system\"\nfi\n\nif [ -n \"$SFML_AUDIO\" ]\nthen\n    require \"audio\"\nfi\n\nif [ -n \"$SFML_NETWORK\" ]\nthen\n    require \"network\"\nfi\n\nif [ -n \"$SFML_WINDOW\" ]\nthen\n    require \"window\"\nfi\n\nif [ -n \"$SFML_GRAPHICS\" ]\nthen\n    require \"graphics\"\nfi\n\n                ";
		};
/* End PBXShellScriptBuildPhase section */

/* Begin PBXSourcesBuildPhase section */
		1AA0E17C1E620463006AC0FB /* Sources */ = {
			isa = PBXSourcesBuildPhase;
			buildActionMask = 2147483647;
			files = (
				1A7EF64B1E6DE4CD00B33A63 /* TestScene.cpp in Sources */,
				1AA0E18A1E620463006AC0FB /* main.cpp in Sources */,
				1AA0E1871E620463006AC0FB /* ResourcePath.mm in Sources */,
				1ADD5C841E675A8100167939 /* EventManager.cpp in Sources */,
				1A7EF6451E6DDF5900B33A63 /* Character.cpp in Sources */,
				1AC8C9971E64390300E715EC /* WindowManager.cpp in Sources */,
			);
			runOnlyForDeploymentPostprocessing = 0;
		};
/* End PBXSourcesBuildPhase section */

/* Begin XCBuildConfiguration section */
		1AA0E1941E620463006AC0FB /* Debug */ = {
			isa = XCBuildConfiguration;
			buildSettings = {
				ARCHS = "$(NATIVE_ARCH_ACTUAL)";
				CLANG_CXX_LANGUAGE_STANDARD = "c++0x";
				CLANG_CXX_LIBRARY = "libc++";
				FRAMEWORK_SEARCH_PATHS = (
					/Library/Frameworks/,
					"$(inherited)",
				);
				GCC_VERSION = com.apple.compilers.llvm.clang.1_0;
				HEADER_SEARCH_PATHS = (
					/usr/local/include/,
					"$(inherited)",
				);
				LIBRARY_SEARCH_PATHS = (
					/usr/local/lib/,
					"$(inherited)",
				);
				MACOSX_DEPLOYMENT_TARGET = 10.7;
				OTHER_LDFLAGS = (
					"$(inherited)",
					"$(SFML_SYSTEM)",
					"$(SFML_WINDOW)",
					"$(SFML_GRAPHICS)",
					"$(SFML_AUDIO)",
					"$(SFML_NETWORK)",
				);
				SFML_AUDIO = "$(SFML_LINK_PREFIX) sfml-audio$(SFML_LINK_SUFFIX)";
				SFML_BINARY_TYPE = FRAMEWORKS;
				SFML_GRAPHICS = "$(SFML_LINK_PREFIX) sfml-graphics$(SFML_LINK_SUFFIX)";
				SFML_LINK_DYLIBS_PREFIX = "-l";
				SFML_LINK_DYLIBS_SUFFIX = "";
				SFML_LINK_FRAMEWORKS_PREFIX = "-framework";
				SFML_LINK_FRAMEWORKS_SUFFIX = "";
				SFML_LINK_PREFIX = "$(SFML_LINK_$(SFML_BINARY_TYPE)_PREFIX)";
				SFML_LINK_SUFFIX = "$(SFML_LINK_$(SFML_BINARY_TYPE)_SUFFIX)";
				SFML_NETWORK = "$(SFML_LINK_PREFIX) sfml-network$(SFML_LINK_SUFFIX)";
				SFML_SYSTEM = "$(SFML_LINK_PREFIX) sfml-system$(SFML_LINK_SUFFIX)";
				SFML_WINDOW = "$(SFML_LINK_PREFIX) sfml-window$(SFML_LINK_SUFFIX)";
				SUPPORTED_PLATFORMS = macosx;
			};
			name = Debug;
		};
		1AA0E1951E620463006AC0FB /* Release */ = {
			isa = XCBuildConfiguration;
			buildSettings = {
				ARCHS = "$(NATIVE_ARCH_ACTUAL)";
				CLANG_CXX_LANGUAGE_STANDARD = "c++0x";
				CLANG_CXX_LIBRARY = "libc++";
				FRAMEWORK_SEARCH_PATHS = (
					/Library/Frameworks/,
					"$(inherited)",
				);
				GCC_VERSION = com.apple.compilers.llvm.clang.1_0;
				HEADER_SEARCH_PATHS = (
					/usr/local/include/,
					"$(inherited)",
				);
				LIBRARY_SEARCH_PATHS = (
					/usr/local/lib/,
					"$(inherited)",
				);
				MACOSX_DEPLOYMENT_TARGET = 10.7;
				OTHER_LDFLAGS = (
					"$(inherited)",
					"$(SFML_SYSTEM)",
					"$(SFML_WINDOW)",
					"$(SFML_GRAPHICS)",
					"$(SFML_AUDIO)",
					"$(SFML_NETWORK)",
				);
				SFML_AUDIO = "$(SFML_LINK_PREFIX) sfml-audio$(SFML_LINK_SUFFIX)";
				SFML_BINARY_TYPE = FRAMEWORKS;
				SFML_GRAPHICS = "$(SFML_LINK_PREFIX) sfml-graphics$(SFML_LINK_SUFFIX)";
				SFML_LINK_DYLIBS_PREFIX = "-l";
				SFML_LINK_DYLIBS_SUFFIX = "";
				SFML_LINK_FRAMEWORKS_PREFIX = "-framework";
				SFML_LINK_FRAMEWORKS_SUFFIX = "";
				SFML_LINK_PREFIX = "$(SFML_LINK_$(SFML_BINARY_TYPE)_PREFIX)";
				SFML_LINK_SUFFIX = "$(SFML_LINK_$(SFML_BINARY_TYPE)_SUFFIX)";
				SFML_NETWORK = "$(SFML_LINK_PREFIX) sfml-network$(SFML_LINK_SUFFIX)";
				SFML_SYSTEM = "$(SFML_LINK_PREFIX) sfml-system$(SFML_LINK_SUFFIX)";
				SFML_WINDOW = "$(SFML_LINK_PREFIX) sfml-window$(SFML_LINK_SUFFIX)";
				SUPPORTED_PLATFORMS = macosx;
			};
			name = Release;
		};
		1AA0E1971E620463006AC0FB /* Debug */ = {
			isa = XCBuildConfiguration;
			buildSettings = {
				INFOPLIST_FILE = "NothingGame/NothingGame-Info.plist";
				LD_RUNPATH_SEARCH_PATHS = "@loader_path/../Frameworks";
				PRODUCT_NAME = "$(TARGET_NAME)";
			};
			name = Debug;
		};
		1AA0E1981E620463006AC0FB /* Release */ = {
			isa = XCBuildConfiguration;
			buildSettings = {
				INFOPLIST_FILE = "NothingGame/NothingGame-Info.plist";
				LD_RUNPATH_SEARCH_PATHS = "@loader_path/../Frameworks";
				PRODUCT_NAME = "$(TARGET_NAME)";
			};
			name = Release;
		};
/* End XCBuildConfiguration section */

/* Begin XCConfigurationList section */
		1AA0E17B1E620463006AC0FB /* Build configuration list for PBXProject "NothingGame" */ = {
			isa = XCConfigurationList;
			buildConfigurations = (
				1AA0E1941E620463006AC0FB /* Debug */,
				1AA0E1951E620463006AC0FB /* Release */,
			);
			defaultConfigurationIsVisible = 0;
			defaultConfigurationName = Release;
		};
		1AA0E1961E620463006AC0FB /* Build configuration list for PBXNativeTarget "NothingGame" */ = {
			isa = XCConfigurationList;
			buildConfigurations = (
				1AA0E1971E620463006AC0FB /* Debug */,
				1AA0E1981E620463006AC0FB /* Release */,
			);
			defaultConfigurationIsVisible = 0;
			defaultConfigurationName = Release;
		};
/* End XCConfigurationList section */
	};
	rootObject = 1AA0E1781E620463006AC0FB /* Project object */;
}
